
Microsoft Visual Studio Solution File, Format Version 12.00
# Visual Studio Version 17
VisualStudioVersion = 17.3.32819.101
MinimumVisualStudioVersion = 10.0.40219.1
Project("{9A19103F-16F7-4668-BE54-9A1E7A4F7556}") = "Pz_4", "Pz_4\Pz_4.csproj", "{04A85FEE-75CA-4836-AC28-9044174DE474}"
EndProject
Project("{9A19103F-16F7-4668-BE54-9A1E7A4F7556}") = "Pz_6", "Pz_6\Pz_6.csproj", "{AA4E1D4D-72A8-42A0-8FC2-BE44CCBAF84D}"
EndProject
Project("{9A19103F-16F7-4668-BE54-9A1E7A4F7556}") = "Pz_5", "Pz_5\Pz_5.csproj", "{B287ED88-628F-48A3-A050-DBF5093110EC}"
EndProject
Project("{9A19103F-16F7-4668-BE54-9A1E7A4F7556}") = "Pz_7", "Pz_7\Pz_7.csproj", "{96D98DAF-3540-47D7-A069-FF4D3B4873F7}"
EndProject
Project("{9A19103F-16F7-4668-BE54-9A1E7A4F7556}") = "Pz_9", "Pz_9\Pz_9.csproj", "{7EA3499F-5B68-4906-8B4E-3C7E7DFE12A1}"
EndProject
Project("{9A19103F-16F7-4668-BE54-9A1E7A4F7556}") = "Игра_Шмидт_Бойко", "Игра_Шмидт_Бойко\Игра_Шмидт_Бойко.csproj", "{110FEEB9-3B0D-4327-815C-7FA4BA7484D5}"
EndProject
Project("{9A19103F-16F7-4668-BE54-9A1E7A4F7556}") = "Не разозли Сталина!", "Не разозли Сталина!\Не разозли Сталина!.csproj", "{1D905D5F-D64C-4906-B440-D2824688236A}"
EndProject
Project("{9A19103F-16F7-4668-BE54-9A1E7A4F7556}") = "Pz_10", "Pz_10\Pz_10.csproj", "{4D8776C3-C177-4EC8-A23F-DAB78751CC39}"
EndProject
Project("{9A19103F-16F7-4668-BE54-9A1E7A4F7556}") = "Pz_11", "Pz_11\Pz_11.csproj", "{171FF83A-E09D-457C-AA00-14033F3EA3F2}"
EndProject
Project("{9A19103F-16F7-4668-BE54-9A1E7A4F7556}") = "Pz_13", "Pz_13\Pz_13.csproj", "{D1B8B573-0250-4A46-8257-E1AD1E8B85D3}"
EndProject
Project("{9A19103F-16F7-4668-BE54-9A1E7A4F7556}") = "Pz_12", "Pz_12\Pz_12.csproj", "{BEB8F448-E959-4BAC-B031-B1A9D00C4E16}"
EndProject
Project("{9A19103F-16F7-4668-BE54-9A1E7A4F7556}") = "Животное", "Животное\Животное.csproj", "{191CFF29-0E0A-49EE-BADA-C1D50519B307}"
EndProject
Project("{9A19103F-16F7-4668-BE54-9A1E7A4F7556}") = "Pz_20", "Pz_20\Pz_20.csproj", "{0108946B-CBE2-4E91-A961-100D974D3F48}"
EndProject
Project("{9A19103F-16F7-4668-BE54-9A1E7A4F7556}") = "Pz_26", "Pz_26\Pz_26.csproj", "{1E12FF0B-2742-4FE5-8AB5-83ED470655F2}"
EndProject
Project("{9A19103F-16F7-4668-BE54-9A1E7A4F7556}") = "Pz_3", "Pz_3\Pz_3.csproj", "{0453F0F0-B830-4E54-8E40-96C32C8DAAF9}"
EndProject
Project("{9A19103F-16F7-4668-BE54-9A1E7A4F7556}") = "Pz_6_v2", "Pz_6_v2\Pz_6_v2.csproj", "{A50AA44A-E5AE-4890-858E-2DD749A4F6AF}"
EndProject
Project("{9A19103F-16F7-4668-BE54-9A1E7A4F7556}") = "Pz_7_v2", "Pz_7_v2\Pz_7_v2.csproj", "{05EDC30A-ACA3-4C20-947B-09A371CC45E5}"
EndProject
Project("{9A19103F-16F7-4668-BE54-9A1E7A4F7556}") = "Pz_8_v2", "Pz_8_v2\Pz_8_v2.csproj", "{05464E28-A7D0-41AC-A8CA-B2D28525D218}"
EndProject
Project("{9A19103F-16F7-4668-BE54-9A1E7A4F7556}") = "Pz_9_v2", "Pz_9_v2\Pz_9_v2.csproj", "{C3E054E1-589F-420F-BFAC-164B87E44621}"
EndProject
Project("{9A19103F-16F7-4668-BE54-9A1E7A4F7556}") = "Pz_10_v2", "Pz_10_v2\Pz_10_v2.csproj", "{47113D3F-D000-42B3-B3E1-299D9681C473}"
EndProject
Project("{9A19103F-16F7-4668-BE54-9A1E7A4F7556}") = "Pz_11_v2", "Pz_11_v2\Pz_11_v2.csproj", "{61792E13-E1AE-464B-BC95-8BFB22EB3444}"
EndProject
Project("{9A19103F-16F7-4668-BE54-9A1E7A4F7556}") = "Pz_12_v2", "Pz_12_v2\Pz_12_v2.csproj", "{07E3ABB7-F8FE-42F0-A4DB-D76681F882C5}"
EndProject
Project("{9A19103F-16F7-4668-BE54-9A1E7A4F7556}") = "Pz_13_v2", "Pz_13_v2\Pz_13_v2.csproj", "{F0B09CB1-C7AF-4904-B134-88D84584C49F}"
EndProject
Project("{9A19103F-16F7-4668-BE54-9A1E7A4F7556}") = "Pz_14", "Pz_14\Pz_14.csproj", "{644483D5-8C9B-4FED-AAA9-83CD2F5CD48E}"
EndProject
Project("{9A19103F-16F7-4668-BE54-9A1E7A4F7556}") = "Pz_Faili", "Pz_Faili\Pz_Faili.csproj", "{7A037ADC-E9AA-40FF-8BD6-5C177CC50CE7}"
EndProject
Project("{9A19103F-16F7-4668-BE54-9A1E7A4F7556}") = "Pz_15", "Pz_15\Pz_15.csproj", "{E52ADF05-E34B-467A-8BA1-A175625B5664}"
EndProject
Project("{9A19103F-16F7-4668-BE54-9A1E7A4F7556}") = "Pz_16", "Pz_16\Pz_16.csproj", "{C5D3493A-C210-426C-BBBF-5DB3E70B2EE1}"
EndProject
Project("{9A19103F-16F7-4668-BE54-9A1E7A4F7556}") = "Pz_ConsoleGame", "Pz_ConsoleGame\Pz_ConsoleGame.csproj", "{81C1F43C-806B-428D-8B96-6115C1B40173}"
EndProject
Project("{9A19103F-16F7-4668-BE54-9A1E7A4F7556}") = "Pz_17_v2", "Pz_17_v2\Pz_17_v2.csproj", "{E23CF952-DA27-40E9-B249-A9DD3025D143}"
EndProject
Project("{9A19103F-16F7-4668-BE54-9A1E7A4F7556}") = "Pz_18", "Pz_18\Pz_18.csproj", "{8B225D09-C444-4540-AAFC-8407AAEBDCEC}"
EndProject
Project("{9A19103F-16F7-4668-BE54-9A1E7A4F7556}") = "Pz_19", "Pz_19\Pz_19.csproj", "{FDEF7FC7-850A-467A-B8F6-438CDCC7F0C1}"
EndProject
Project("{9A19103F-16F7-4668-BE54-9A1E7A4F7556}") = "Pz_21", "Pz_21\Pz_21.csproj", "{1108863B-C42B-4C38-9A55-E2DA3A3A6428}"
EndProject
Project("{9A19103F-16F7-4668-BE54-9A1E7A4F7556}") = "PZ_25_Boyko", "..\..\..\Downloads\Telegram Desktop\PZ25\PZ_25_Boyko.csproj", "{7EC58503-6785-4FA2-A54A-2FBD8A9FCC23}"
EndProject
Project("{FAE04EC0-301F-11D3-BF4B-00C04F79EFBC}") = "PZ_26_Boyko", "..\..\..\Downloads\Telegram Desktop\PZ26\PZ_26_Boyko.csproj", "{031D7F29-C64D-40B6-AB48-F3BE89D99C18}"
EndProject
Project("{9A19103F-16F7-4668-BE54-9A1E7A4F7556}") = "Pz_22", "Pz_22\Pz_22.csproj", "{3B808DE8-E213-4A6A-A09A-1BB23722C00C}"
EndProject
Project("{9A19103F-16F7-4668-BE54-9A1E7A4F7556}") = "Pz_23", "Pz_23\Pz_23.csproj", "{CDD20053-6934-4AC0-89FF-0EAB9BFD3ED2}"
EndProject
Project("{9A19103F-16F7-4668-BE54-9A1E7A4F7556}") = "Pz_24", "Pz_24\Pz_24.csproj", "{984D791B-E4F4-4BEE-8D3A-C42C9A1F667A}"
EndProject
Project("{9A19103F-16F7-4668-BE54-9A1E7A4F7556}") = "Pz_25_Calculator", "Pz_25_Calculator\Pz_25_Calculator.csproj", "{4B1397F8-D61C-4549-BD19-1562C60EA168}"
EndProject
Project("{9A19103F-16F7-4668-BE54-9A1E7A4F7556}") = "Pz_26_Text_Editor", "Pz_26_Text_Editor\Pz_26_Text_Editor.csproj", "{13ACD87E-FB50-45B9-9772-BC6841B051BC}"
EndProject
Project("{FAE04EC0-301F-11D3-BF4B-00C04F79EFBC}") = "Pz_27", "Pz_27\Pz_27.csproj", "{E9F2AC23-A224-4D95-959E-498353C78B0D}"
EndProject
Global
	GlobalSection(SolutionConfigurationPlatforms) = preSolution
		Debug|Any CPU = Debug|Any CPU
		Release|Any CPU = Release|Any CPU
	EndGlobalSection
	GlobalSection(ProjectConfigurationPlatforms) = postSolution
		{04A85FEE-75CA-4836-AC28-9044174DE474}.Debug|Any CPU.ActiveCfg = Debug|Any CPU
		{04A85FEE-75CA-4836-AC28-9044174DE474}.Debug|Any CPU.Build.0 = Debug|Any CPU
		{04A85FEE-75CA-4836-AC28-9044174DE474}.Release|Any CPU.ActiveCfg = Release|Any CPU
		{04A85FEE-75CA-4836-AC28-9044174DE474}.Release|Any CPU.Build.0 = Release|Any CPU
		{AA4E1D4D-72A8-42A0-8FC2-BE44CCBAF84D}.Debug|Any CPU.ActiveCfg = Debug|Any CPU
		{AA4E1D4D-72A8-42A0-8FC2-BE44CCBAF84D}.Debug|Any CPU.Build.0 = Debug|Any CPU
		{AA4E1D4D-72A8-42A0-8FC2-BE44CCBAF84D}.Release|Any CPU.ActiveCfg = Release|Any CPU
		{AA4E1D4D-72A8-42A0-8FC2-BE44CCBAF84D}.Release|Any CPU.Build.0 = Release|Any CPU
		{B287ED88-628F-48A3-A050-DBF5093110EC}.Debug|Any CPU.ActiveCfg = Debug|Any CPU
		{B287ED88-628F-48A3-A050-DBF5093110EC}.Debug|Any CPU.Build.0 = Debug|Any CPU
		{B287ED88-628F-48A3-A050-DBF5093110EC}.Release|Any CPU.ActiveCfg = Release|Any CPU
		{B287ED88-628F-48A3-A050-DBF5093110EC}.Release|Any CPU.Build.0 = Release|Any CPU
		{96D98DAF-3540-47D7-A069-FF4D3B4873F7}.Debug|Any CPU.ActiveCfg = Debug|Any CPU
		{96D98DAF-3540-47D7-A069-FF4D3B4873F7}.Debug|Any CPU.Build.0 = Debug|Any CPU
		{96D98DAF-3540-47D7-A069-FF4D3B4873F7}.Release|Any CPU.ActiveCfg = Release|Any CPU
		{96D98DAF-3540-47D7-A069-FF4D3B4873F7}.Release|Any CPU.Build.0 = Release|Any CPU
		{7EA3499F-5B68-4906-8B4E-3C7E7DFE12A1}.Debug|Any CPU.ActiveCfg = Debug|Any CPU
		{7EA3499F-5B68-4906-8B4E-3C7E7DFE12A1}.Debug|Any CPU.Build.0 = Debug|Any CPU
		{7EA3499F-5B68-4906-8B4E-3C7E7DFE12A1}.Release|Any CPU.ActiveCfg = Release|Any CPU
		{7EA3499F-5B68-4906-8B4E-3C7E7DFE12A1}.Release|Any CPU.Build.0 = Release|Any CPU
		{110FEEB9-3B0D-4327-815C-7FA4BA7484D5}.Debug|Any CPU.ActiveCfg = Debug|Any CPU
		{110FEEB9-3B0D-4327-815C-7FA4BA7484D5}.Debug|Any CPU.Build.0 = Debug|Any CPU
		{110FEEB9-3B0D-4327-815C-7FA4BA7484D5}.Release|Any CPU.ActiveCfg = Release|Any CPU
		{110FEEB9-3B0D-4327-815C-7FA4BA7484D5}.Release|Any CPU.Build.0 = Release|Any CPU
		{1D905D5F-D64C-4906-B440-D2824688236A}.Debug|Any CPU.ActiveCfg = Debug|Any CPU
		{1D905D5F-D64C-4906-B440-D2824688236A}.Debug|Any CPU.Build.0 = Debug|Any CPU
		{1D905D5F-D64C-4906-B440-D2824688236A}.Release|Any CPU.ActiveCfg = Release|Any CPU
		{1D905D5F-D64C-4906-B440-D2824688236A}.Release|Any CPU.Build.0 = Release|Any CPU
		{4D8776C3-C177-4EC8-A23F-DAB78751CC39}.Debug|Any CPU.ActiveCfg = Debug|Any CPU
		{4D8776C3-C177-4EC8-A23F-DAB78751CC39}.Debug|Any CPU.Build.0 = Debug|Any CPU
		{4D8776C3-C177-4EC8-A23F-DAB78751CC39}.Release|Any CPU.ActiveCfg = Release|Any CPU
		{4D8776C3-C177-4EC8-A23F-DAB78751CC39}.Release|Any CPU.Build.0 = Release|Any CPU
		{171FF83A-E09D-457C-AA00-14033F3EA3F2}.Debug|Any CPU.ActiveCfg = Debug|Any CPU
		{171FF83A-E09D-457C-AA00-14033F3EA3F2}.Debug|Any CPU.Build.0 = Debug|Any CPU
		{171FF83A-E09D-457C-AA00-14033F3EA3F2}.Release|Any CPU.ActiveCfg = Release|Any CPU
		{171FF83A-E09D-457C-AA00-14033F3EA3F2}.Release|Any CPU.Build.0 = Release|Any CPU
		{D1B8B573-0250-4A46-8257-E1AD1E8B85D3}.Debug|Any CPU.ActiveCfg = Debug|Any CPU
		{D1B8B573-0250-4A46-8257-E1AD1E8B85D3}.Debug|Any CPU.Build.0 = Debug|Any CPU
		{D1B8B573-0250-4A46-8257-E1AD1E8B85D3}.Release|Any CPU.ActiveCfg = Release|Any CPU
		{D1B8B573-0250-4A46-8257-E1AD1E8B85D3}.Release|Any CPU.Build.0 = Release|Any CPU
		{BEB8F448-E959-4BAC-B031-B1A9D00C4E16}.Debug|Any CPU.ActiveCfg = Debug|Any CPU
		{BEB8F448-E959-4BAC-B031-B1A9D00C4E16}.Debug|Any CPU.Build.0 = Debug|Any CPU
		{BEB8F448-E959-4BAC-B031-B1A9D00C4E16}.Release|Any CPU.ActiveCfg = Release|Any CPU
		{BEB8F448-E959-4BAC-B031-B1A9D00C4E16}.Release|Any CPU.Build.0 = Release|Any CPU
		{191CFF29-0E0A-49EE-BADA-C1D50519B307}.Debug|Any CPU.ActiveCfg = Debug|Any CPU
		{191CFF29-0E0A-49EE-BADA-C1D50519B307}.Debug|Any CPU.Build.0 = Debug|Any CPU
		{191CFF29-0E0A-49EE-BADA-C1D50519B307}.Release|Any CPU.ActiveCfg = Release|Any CPU
		{191CFF29-0E0A-49EE-BADA-C1D50519B307}.Release|Any CPU.Build.0 = Release|Any CPU
		{0108946B-CBE2-4E91-A961-100D974D3F48}.Debug|Any CPU.ActiveCfg = Debug|Any CPU
		{0108946B-CBE2-4E91-A961-100D974D3F48}.Debug|Any CPU.Build.0 = Debug|Any CPU
		{0108946B-CBE2-4E91-A961-100D974D3F48}.Release|Any CPU.ActiveCfg = Release|Any CPU
		{0108946B-CBE2-4E91-A961-100D974D3F48}.Release|Any CPU.Build.0 = Release|Any CPU
		{1E12FF0B-2742-4FE5-8AB5-83ED470655F2}.Debug|Any CPU.ActiveCfg = Debug|Any CPU
		{1E12FF0B-2742-4FE5-8AB5-83ED470655F2}.Debug|Any CPU.Build.0 = Debug|Any CPU
		{1E12FF0B-2742-4FE5-8AB5-83ED470655F2}.Release|Any CPU.ActiveCfg = Release|Any CPU
		{1E12FF0B-2742-4FE5-8AB5-83ED470655F2}.Release|Any CPU.Build.0 = Release|Any CPU
		{0453F0F0-B830-4E54-8E40-96C32C8DAAF9}.Debug|Any CPU.ActiveCfg = Debug|Any CPU
		{0453F0F0-B830-4E54-8E40-96C32C8DAAF9}.Debug|Any CPU.Build.0 = Debug|Any CPU
		{0453F0F0-B830-4E54-8E40-96C32C8DAAF9}.Release|Any CPU.ActiveCfg = Release|Any CPU
		{0453F0F0-B830-4E54-8E40-96C32C8DAAF9}.Release|Any CPU.Build.0 = Release|Any CPU
		{A50AA44A-E5AE-4890-858E-2DD749A4F6AF}.Debug|Any CPU.ActiveCfg = Debug|Any CPU
		{A50AA44A-E5AE-4890-858E-2DD749A4F6AF}.Debug|Any CPU.Build.0 = Debug|Any CPU
		{A50AA44A-E5AE-4890-858E-2DD749A4F6AF}.Release|Any CPU.ActiveCfg = Release|Any CPU
		{A50AA44A-E5AE-4890-858E-2DD749A4F6AF}.Release|Any CPU.Build.0 = Release|Any CPU
		{05EDC30A-ACA3-4C20-947B-09A371CC45E5}.Debug|Any CPU.ActiveCfg = Debug|Any CPU
		{05EDC30A-ACA3-4C20-947B-09A371CC45E5}.Debug|Any CPU.Build.0 = Debug|Any CPU
		{05EDC30A-ACA3-4C20-947B-09A371CC45E5}.Release|Any CPU.ActiveCfg = Release|Any CPU
		{05EDC30A-ACA3-4C20-947B-09A371CC45E5}.Release|Any CPU.Build.0 = Release|Any CPU
		{05464E28-A7D0-41AC-A8CA-B2D28525D218}.Debug|Any CPU.ActiveCfg = Debug|Any CPU
		{05464E28-A7D0-41AC-A8CA-B2D28525D218}.Debug|Any CPU.Build.0 = Debug|Any CPU
		{05464E28-A7D0-41AC-A8CA-B2D28525D218}.Release|Any CPU.ActiveCfg = Release|Any CPU
		{05464E28-A7D0-41AC-A8CA-B2D28525D218}.Release|Any CPU.Build.0 = Release|Any CPU
		{C3E054E1-589F-420F-BFAC-164B87E44621}.Debug|Any CPU.ActiveCfg = Debug|Any CPU
		{C3E054E1-589F-420F-BFAC-164B87E44621}.Debug|Any CPU.Build.0 = Debug|Any CPU
		{C3E054E1-589F-420F-BFAC-164B87E44621}.Release|Any CPU.ActiveCfg = Release|Any CPU
		{C3E054E1-589F-420F-BFAC-164B87E44621}.Release|Any CPU.Build.0 = Release|Any CPU
		{47113D3F-D000-42B3-B3E1-299D9681C473}.Debug|Any CPU.ActiveCfg = Debug|Any CPU
		{47113D3F-D000-42B3-B3E1-299D9681C473}.Debug|Any CPU.Build.0 = Debug|Any CPU
		{47113D3F-D000-42B3-B3E1-299D9681C473}.Release|Any CPU.ActiveCfg = Release|Any CPU
		{47113D3F-D000-42B3-B3E1-299D9681C473}.Release|Any CPU.Build.0 = Release|Any CPU
		{61792E13-E1AE-464B-BC95-8BFB22EB3444}.Debug|Any CPU.ActiveCfg = Debug|Any CPU
		{61792E13-E1AE-464B-BC95-8BFB22EB3444}.Debug|Any CPU.Build.0 = Debug|Any CPU
		{61792E13-E1AE-464B-BC95-8BFB22EB3444}.Release|Any CPU.ActiveCfg = Release|Any CPU
		{61792E13-E1AE-464B-BC95-8BFB22EB3444}.Release|Any CPU.Build.0 = Release|Any CPU
		{07E3ABB7-F8FE-42F0-A4DB-D76681F882C5}.Debug|Any CPU.ActiveCfg = Debug|Any CPU
		{07E3ABB7-F8FE-42F0-A4DB-D76681F882C5}.Debug|Any CPU.Build.0 = Debug|Any CPU
		{07E3ABB7-F8FE-42F0-A4DB-D76681F882C5}.Release|Any CPU.ActiveCfg = Release|Any CPU
		{07E3ABB7-F8FE-42F0-A4DB-D76681F882C5}.Release|Any CPU.Build.0 = Release|Any CPU
		{F0B09CB1-C7AF-4904-B134-88D84584C49F}.Debug|Any CPU.ActiveCfg = Debug|Any CPU
		{F0B09CB1-C7AF-4904-B134-88D84584C49F}.Debug|Any CPU.Build.0 = Debug|Any CPU
		{F0B09CB1-C7AF-4904-B134-88D84584C49F}.Release|Any CPU.ActiveCfg = Release|Any CPU
		{F0B09CB1-C7AF-4904-B134-88D84584C49F}.Release|Any CPU.Build.0 = Release|Any CPU
		{644483D5-8C9B-4FED-AAA9-83CD2F5CD48E}.Debug|Any CPU.ActiveCfg = Debug|Any CPU
		{644483D5-8C9B-4FED-AAA9-83CD2F5CD48E}.Debug|Any CPU.Build.0 = Debug|Any CPU
		{644483D5-8C9B-4FED-AAA9-83CD2F5CD48E}.Release|Any CPU.ActiveCfg = Release|Any CPU
		{644483D5-8C9B-4FED-AAA9-83CD2F5CD48E}.Release|Any CPU.Build.0 = Release|Any CPU
		{7A037ADC-E9AA-40FF-8BD6-5C177CC50CE7}.Debug|Any CPU.ActiveCfg = Debug|Any CPU
		{7A037ADC-E9AA-40FF-8BD6-5C177CC50CE7}.Debug|Any CPU.Build.0 = Debug|Any CPU
		{7A037ADC-E9AA-40FF-8BD6-5C177CC50CE7}.Release|Any CPU.ActiveCfg = Release|Any CPU
		{7A037ADC-E9AA-40FF-8BD6-5C177CC50CE7}.Release|Any CPU.Build.0 = Release|Any CPU
		{E52ADF05-E34B-467A-8BA1-A175625B5664}.Debug|Any CPU.ActiveCfg = Debug|Any CPU
		{E52ADF05-E34B-467A-8BA1-A175625B5664}.Debug|Any CPU.Build.0 = Debug|Any CPU
		{E52ADF05-E34B-467A-8BA1-A175625B5664}.Release|Any CPU.ActiveCfg = Release|Any CPU
		{E52ADF05-E34B-467A-8BA1-A175625B5664}.Release|Any CPU.Build.0 = Release|Any CPU
		{C5D3493A-C210-426C-BBBF-5DB3E70B2EE1}.Debug|Any CPU.ActiveCfg = Debug|Any CPU
		{C5D3493A-C210-426C-BBBF-5DB3E70B2EE1}.Debug|Any CPU.Build.0 = Debug|Any CPU
		{C5D3493A-C210-426C-BBBF-5DB3E70B2EE1}.Release|Any CPU.ActiveCfg = Release|Any CPU
		{C5D3493A-C210-426C-BBBF-5DB3E70B2EE1}.Release|Any CPU.Build.0 = Release|Any CPU
		{81C1F43C-806B-428D-8B96-6115C1B40173}.Debug|Any CPU.ActiveCfg = Debug|Any CPU
		{81C1F43C-806B-428D-8B96-6115C1B40173}.Debug|Any CPU.Build.0 = Debug|Any CPU
		{81C1F43C-806B-428D-8B96-6115C1B40173}.Release|Any CPU.ActiveCfg = Release|Any CPU
		{81C1F43C-806B-428D-8B96-6115C1B40173}.Release|Any CPU.Build.0 = Release|Any CPU
		{E23CF952-DA27-40E9-B249-A9DD3025D143}.Debug|Any CPU.ActiveCfg = Debug|Any CPU
		{E23CF952-DA27-40E9-B249-A9DD3025D143}.Debug|Any CPU.Build.0 = Debug|Any CPU
		{E23CF952-DA27-40E9-B249-A9DD3025D143}.Release|Any CPU.ActiveCfg = Release|Any CPU
		{E23CF952-DA27-40E9-B249-A9DD3025D143}.Release|Any CPU.Build.0 = Release|Any CPU
		{8B225D09-C444-4540-AAFC-8407AAEBDCEC}.Debug|Any CPU.ActiveCfg = Debug|Any CPU
		{8B225D09-C444-4540-AAFC-8407AAEBDCEC}.Debug|Any CPU.Build.0 = Debug|Any CPU
		{8B225D09-C444-4540-AAFC-8407AAEBDCEC}.Release|Any CPU.ActiveCfg = Release|Any CPU
		{8B225D09-C444-4540-AAFC-8407AAEBDCEC}.Release|Any CPU.Build.0 = Release|Any CPU
		{FDEF7FC7-850A-467A-B8F6-438CDCC7F0C1}.Debug|Any CPU.ActiveCfg = Debug|Any CPU
		{FDEF7FC7-850A-467A-B8F6-438CDCC7F0C1}.Debug|Any CPU.Build.0 = Debug|Any CPU
		{FDEF7FC7-850A-467A-B8F6-438CDCC7F0C1}.Release|Any CPU.ActiveCfg = Release|Any CPU
		{FDEF7FC7-850A-467A-B8F6-438CDCC7F0C1}.Release|Any CPU.Build.0 = Release|Any CPU
		{1108863B-C42B-4C38-9A55-E2DA3A3A6428}.Debug|Any CPU.ActiveCfg = Debug|Any CPU
		{1108863B-C42B-4C38-9A55-E2DA3A3A6428}.Debug|Any CPU.Build.0 = Debug|Any CPU
		{1108863B-C42B-4C38-9A55-E2DA3A3A6428}.Release|Any CPU.ActiveCfg = Release|Any CPU
		{1108863B-C42B-4C38-9A55-E2DA3A3A6428}.Release|Any CPU.Build.0 = Release|Any CPU
		{7EC58503-6785-4FA2-A54A-2FBD8A9FCC23}.Debug|Any CPU.ActiveCfg = Debug|Any CPU
		{7EC58503-6785-4FA2-A54A-2FBD8A9FCC23}.Debug|Any CPU.Build.0 = Debug|Any CPU
		{7EC58503-6785-4FA2-A54A-2FBD8A9FCC23}.Release|Any CPU.ActiveCfg = Release|Any CPU
		{7EC58503-6785-4FA2-A54A-2FBD8A9FCC23}.Release|Any CPU.Build.0 = Release|Any CPU
		{031D7F29-C64D-40B6-AB48-F3BE89D99C18}.Debug|Any CPU.ActiveCfg = Debug|Any CPU
		{031D7F29-C64D-40B6-AB48-F3BE89D99C18}.Debug|Any CPU.Build.0 = Debug|Any CPU
		{031D7F29-C64D-40B6-AB48-F3BE89D99C18}.Release|Any CPU.ActiveCfg = Release|Any CPU
		{031D7F29-C64D-40B6-AB48-F3BE89D99C18}.Release|Any CPU.Build.0 = Release|Any CPU
		{3B808DE8-E213-4A6A-A09A-1BB23722C00C}.Debug|Any CPU.ActiveCfg = Debug|Any CPU
		{3B808DE8-E213-4A6A-A09A-1BB23722C00C}.Debug|Any CPU.Build.0 = Debug|Any CPU
		{3B808DE8-E213-4A6A-A09A-1BB23722C00C}.Release|Any CPU.ActiveCfg = Release|Any CPU
		{3B808DE8-E213-4A6A-A09A-1BB23722C00C}.Release|Any CPU.Build.0 = Release|Any CPU
		{CDD20053-6934-4AC0-89FF-0EAB9BFD3ED2}.Debug|Any CPU.ActiveCfg = Debug|Any CPU
		{CDD20053-6934-4AC0-89FF-0EAB9BFD3ED2}.Debug|Any CPU.Build.0 = Debug|Any CPU
		{CDD20053-6934-4AC0-89FF-0EAB9BFD3ED2}.Release|Any CPU.ActiveCfg = Release|Any CPU
		{CDD20053-6934-4AC0-89FF-0EAB9BFD3ED2}.Release|Any CPU.Build.0 = Release|Any CPU
		{984D791B-E4F4-4BEE-8D3A-C42C9A1F667A}.Debug|Any CPU.ActiveCfg = Debug|Any CPU
		{984D791B-E4F4-4BEE-8D3A-C42C9A1F667A}.Debug|Any CPU.Build.0 = Debug|Any CPU
		{984D791B-E4F4-4BEE-8D3A-C42C9A1F667A}.Release|Any CPU.ActiveCfg = Release|Any CPU
		{984D791B-E4F4-4BEE-8D3A-C42C9A1F667A}.Release|Any CPU.Build.0 = Release|Any CPU
		{4B1397F8-D61C-4549-BD19-1562C60EA168}.Debug|Any CPU.ActiveCfg = Debug|Any CPU
		{4B1397F8-D61C-4549-BD19-1562C60EA168}.Debug|Any CPU.Build.0 = Debug|Any CPU
		{4B1397F8-D61C-4549-BD19-1562C60EA168}.Release|Any CPU.ActiveCfg = Release|Any CPU
		{4B1397F8-D61C-4549-BD19-1562C60EA168}.Release|Any CPU.Build.0 = Release|Any CPU
		{13ACD87E-FB50-45B9-9772-BC6841B051BC}.Debug|Any CPU.ActiveCfg = Debug|Any CPU
		{13ACD87E-FB50-45B9-9772-BC6841B051BC}.Debug|Any CPU.Build.0 = Debug|Any CPU
		{13ACD87E-FB50-45B9-9772-BC6841B051BC}.Release|Any CPU.ActiveCfg = Release|Any CPU
		{13ACD87E-FB50-45B9-9772-BC6841B051BC}.Release|Any CPU.Build.0 = Release|Any CPU
		{E9F2AC23-A224-4D95-959E-498353C78B0D}.Debug|Any CPU.ActiveCfg = Debug|Any CPU
		{E9F2AC23-A224-4D95-959E-498353C78B0D}.Debug|Any CPU.Build.0 = Debug|Any CPU
		{E9F2AC23-A224-4D95-959E-498353C78B0D}.Release|Any CPU.ActiveCfg = Release|Any CPU
		{E9F2AC23-A224-4D95-959E-498353C78B0D}.Release|Any CPU.Build.0 = Release|Any CPU
	EndGlobalSection
	GlobalSection(SolutionProperties) = preSolution
		HideSolutionNode = FALSE
	EndGlobalSection
	GlobalSection(ExtensibilityGlobals) = postSolution
		SolutionGuid = {107181A2-0091-45EB-AB1C-E225622968F8}
	EndGlobalSection
EndGlobal
